
Microsoft Visual Studio Solution File, Format Version 12.00
# Visual Studio Version 17
VisualStudioVersion = 17.14.35821.62 d17.14
MinimumVisualStudioVersion = 10.0.40219.1
Project("{FAE04EC0-301F-11D3-BF4B-00C04F79EFBC}") = "Sprint3", "Sprint3.csproj", "{810DBE8A-8138-4D49-8DA4-D628AE8A2448}"
EndProject
Global
	GlobalSection(SolutionConfigurationPlatforms) = preSolution
		Debug|Any CPU = Debug|Any CPU
		Release|Any CPU = Release|Any CPU
	EndGlobalSection
	GlobalSection(ProjectConfigurationPlatforms) = postSolution
		{810DBE8A-8138-4D49-8DA4-D628AE8A2448}.Debug|Any CPU.ActiveCfg = Debug|Any CPU
		{810DBE8A-8138-4D49-8DA4-D628AE8A2448}.Debug|Any CPU.Build.0 = Debug|Any CPU
		{810DBE8A-8138-4D49-8DA4-D628AE8A2448}.Release|Any CPU.ActiveCfg = Release|Any CPU
		{810DBE8A-8138-4D49-8DA4-D628AE8A2448}.Release|Any CPU.Build.0 = Release|Any CPU
	EndGlobalSection
	GlobalSection(SolutionProperties) = preSolution
		HideSolutionNode = FALSE
	EndGlobalSection
	GlobalSection(ExtensibilityGlobals) = postSolution
		SolutionGuid = {4D66DDA9-E472-4FEB-9B37-C0A367140361}
	EndGlobalSection
EndGlobal
